
Microsoft Visual Studio Solution File, Format Version 12.00
# Visual Studio 15
VisualStudioVersion = 15.0.27520.0
MinimumVisualStudioVersion = 10.0.40219.1
Project("{FAE04EC0-301F-11D3-BF4B-00C04F79EFBC}") = "SampleLibrary", "SampleLibrary\SampleLibrary.csproj", "{341D180A-0540-4D20-99A3-BD3D7334E00F}"
EndProject
Project("{FAE04EC0-301F-11D3-BF4B-00C04F79EFBC}") = "Lib1Analyzers", "Lib1Analyzers\Lib1Analyzers.csproj", "{84237939-D9A7-4818-8F14-AFAE39690A1C}"
EndProject
Project("{FAE04EC0-301F-11D3-BF4B-00C04F79EFBC}") = "Lib2BizLogic", "Lib2BizLogic\Lib2BizLogic.csproj", "{94D65871-1254-4240-ADCC-2809F45C6135}"
EndProject
Global
	GlobalSection(SolutionConfigurationPlatforms) = preSolution
		Debug|Any CPU = Debug|Any CPU
		Release|Any CPU = Release|Any CPU
	EndGlobalSection
	GlobalSection(ProjectConfigurationPlatforms) = postSolution
		{341D180A-0540-4D20-99A3-BD3D7334E00F}.Debug|Any CPU.ActiveCfg = Debug|Any CPU
		{341D180A-0540-4D20-99A3-BD3D7334E00F}.Debug|Any CPU.Build.0 = Debug|Any CPU
		{341D180A-0540-4D20-99A3-BD3D7334E00F}.Release|Any CPU.ActiveCfg = Release|Any CPU
		{341D180A-0540-4D20-99A3-BD3D7334E00F}.Release|Any CPU.Build.0 = Release|Any CPU
		{84237939-D9A7-4818-8F14-AFAE39690A1C}.Debug|Any CPU.ActiveCfg = Debug|Any CPU
		{84237939-D9A7-4818-8F14-AFAE39690A1C}.Debug|Any CPU.Build.0 = Debug|Any CPU
		{84237939-D9A7-4818-8F14-AFAE39690A1C}.Release|Any CPU.ActiveCfg = Release|Any CPU
		{84237939-D9A7-4818-8F14-AFAE39690A1C}.Release|Any CPU.Build.0 = Release|Any CPU
		{94D65871-1254-4240-ADCC-2809F45C6135}.Debug|Any CPU.ActiveCfg = Debug|Any CPU
		{94D65871-1254-4240-ADCC-2809F45C6135}.Debug|Any CPU.Build.0 = Debug|Any CPU
		{94D65871-1254-4240-ADCC-2809F45C6135}.Release|Any CPU.ActiveCfg = Release|Any CPU
		{94D65871-1254-4240-ADCC-2809F45C6135}.Release|Any CPU.Build.0 = Release|Any CPU
	EndGlobalSection
	GlobalSection(SolutionProperties) = preSolution
		HideSolutionNode = FALSE
	EndGlobalSection
	GlobalSection(ExtensibilityGlobals) = postSolution
		SolutionGuid = {31E2D9AF-D041-4582-9B04-E2D5571D419B}
	EndGlobalSection
EndGlobal
